{
  "version": 4,
  "terraform_version": "0.12.28",
  "serial": 12,
  "lineage": "eecc9c5f-39f3-b27d-d8ae-a414cea74d84",
  "outputs": {},
  "resources": [
    {
      "mode": "managed",
      "type": "openstack_compute_floatingip_associate_v2",
      "name": "http",
      "provider": "provider.openstack",
      "instances": [
        {
          "schema_version": 0,
          "attributes": {
            "fixed_ip": "",
            "floating_ip": "10.20.20.22",
            "id": "10.20.20.22/7fdff15d-ac3f-427b-bb94-903e24a02943/",
            "instance_id": "7fdff15d-ac3f-427b-bb94-903e24a02943",
            "region": "",
            "timeouts": null,
            "wait_until_associated": null
          },
          "private": "eyJlMmJmYjczMC1lY2FhLTExZTYtOGY4OC0zNDM2M2JjN2M0YzAiOnsiY3JlYXRlIjo2MDAwMDAwMDAwMDB9fQ==",
          "dependencies": [
            "openstack_compute_instance_v2.http",
            "openstack_compute_keypair_v2.user_key",
            "openstack_compute_secgroup_v2.http",
            "openstack_compute_secgroup_v2.ssh",
            "openstack_networking_floatingip_v2.http",
            "openstack_networking_network_v2.generic",
            "openstack_networking_port_v2.http",
            "openstack_networking_subnet_v2.http"
          ]
        }
      ]
    },
    {
      "mode": "managed",
      "type": "openstack_compute_instance_v2",
      "name": "http",
      "provider": "provider.openstack",
      "instances": [
        {
          "schema_version": 0,
          "attributes": {
            "access_ip_v4": "192.168.1.81",
            "access_ip_v6": "",
            "admin_pass": null,
            "all_metadata": {},
            "all_tags": [],
            "availability_zone": "nova",
            "availability_zone_hints": null,
            "block_device": [],
            "config_drive": null,
            "flavor_id": "3",
            "flavor_name": "m1.medium",
            "floating_ip": null,
            "force_delete": false,
            "id": "7fdff15d-ac3f-427b-bb94-903e24a02943",
            "image_id": "99417d22-2047-4d52-9503-de214c723f10",
            "image_name": "cirros",
            "key_pair": "user-key",
            "metadata": null,
            "name": "sample-vm",
            "network": [
              {
                "access_network": false,
                "fixed_ip_v4": "192.168.1.81",
                "fixed_ip_v6": "",
                "floating_ip": "",
                "mac": "fa:16:3e:64:d2:88",
                "name": "network-generic",
                "port": "90cced63-a042-4373-9211-91300ef3c211",
                "uuid": "b2ab3f9b-73a3-451b-9786-54b7ad066d0c"
              }
            ],
            "personality": [],
            "power_state": "active",
            "region": "",
            "scheduler_hints": [],
            "security_groups": [
              "http",
              "ssh"
            ],
            "stop_before_destroy": false,
            "tags": null,
            "timeouts": null,
            "user_data": null,
            "vendor_options": [],
            "volume": []
          },
          "private": "eyJlMmJmYjczMC1lY2FhLTExZTYtOGY4OC0zNDM2M2JjN2M0YzAiOnsiY3JlYXRlIjoxODAwMDAwMDAwMDAwLCJkZWxldGUiOjE4MDAwMDAwMDAwMDAsInVwZGF0ZSI6MTgwMDAwMDAwMDAwMH19",
          "dependencies": [
            "openstack_compute_keypair_v2.user_key",
            "openstack_compute_secgroup_v2.http",
            "openstack_compute_secgroup_v2.ssh",
            "openstack_networking_network_v2.generic",
            "openstack_networking_port_v2.http",
            "openstack_networking_subnet_v2.http"
          ]
        }
      ]
    },
    {
      "mode": "managed",
      "type": "openstack_compute_keypair_v2",
      "name": "user_key",
      "provider": "provider.openstack",
      "instances": [
        {
          "schema_version": 0,
          "attributes": {
            "fingerprint": "80:62:d7:24:b6:86:f3:d6:3e:14:37:4a:9c:ce:92:f6",
            "id": "user-key",
            "name": "user-key",
            "private_key": "",
            "public_key": "ssh-rsa AAAAB3NzaC1yc2EAAAADAQABAAABAQCmnzmLiVwKL/wS7JZ/tbX11zQVAx6OLU7c6Wwb1YM2oDHR0PYr2w6HOhNQxRhn2onRW9rzMKJhaLjexm8+a4peVvspzzBKydzDnfP7R7ajSXuAEc6sMUyR/+iY87Yg0Kv5CYwFuXVRSnF9c8X0H4beoirTDEe0DWw2q4ui9WRH7/s/PURaU8r4OkhF5+4UdzLLzeujGuPBSjuHQnbBALoqf4z6xKtq9lLA2Fw2T+scpqZ8BGetaSupgxiFDSAXqS0cMgOENRCwd+kBWG3ReYAijnLIEcyKtqNpZuCmU1cgo6eZU88EyadpZJOTA+BPIfrdSGpq/Ojil+XuFPid3Tpb Generated-by-Nova",
            "region": "",
            "value_specs": null
          },
          "private": "bnVsbA=="
        }
      ]
    },
    {
      "mode": "managed",
      "type": "openstack_compute_secgroup_v2",
      "name": "http",
      "provider": "provider.openstack",
      "instances": [
        {
          "schema_version": 0,
          "attributes": {
            "description": "Open input http port",
            "id": "831e524e-ea75-4670-8834-633fcc560a66",
            "name": "http",
            "region": "",
            "rule": [
              {
                "cidr": "0.0.0.0/0",
                "from_group_id": "",
                "from_port": 80,
                "id": "dcabb60a-b222-4bef-b265-fa40b791a4c8",
                "ip_protocol": "tcp",
                "self": false,
                "to_port": 80
              }
            ],
            "timeouts": null
          },
          "private": "eyJlMmJmYjczMC1lY2FhLTExZTYtOGY4OC0zNDM2M2JjN2M0YzAiOnsiZGVsZXRlIjo2MDAwMDAwMDAwMDB9fQ=="
        }
      ]
    },
    {
      "mode": "managed",
      "type": "openstack_compute_secgroup_v2",
      "name": "ssh",
      "provider": "provider.openstack",
      "instances": [
        {
          "schema_version": 0,
          "attributes": {
            "description": "Open input ssh port",
            "id": "983d6932-3cb0-4ca2-9db5-6c5a7683f3e1",
            "name": "ssh",
            "region": "",
            "rule": [
              {
                "cidr": "0.0.0.0/0",
                "from_group_id": "",
                "from_port": 22,
                "id": "5a27ce66-a9e0-4363-a693-2bc99d356528",
                "ip_protocol": "tcp",
                "self": false,
                "to_port": 22
              }
            ],
            "timeouts": null
          },
          "private": "eyJlMmJmYjczMC1lY2FhLTExZTYtOGY4OC0zNDM2M2JjN2M0YzAiOnsiZGVsZXRlIjo2MDAwMDAwMDAwMDB9fQ=="
        }
      ]
    },
    {
      "mode": "managed",
      "type": "openstack_networking_floatingip_v2",
      "name": "http",
      "provider": "provider.openstack",
      "instances": [
        {
          "schema_version": 0,
          "attributes": {
            "address": "10.20.20.22",
            "all_tags": [],
            "description": "",
            "dns_domain": "",
            "dns_name": "",
            "fixed_ip": "",
            "id": "00e8b350-c5f8-4c66-b7cf-9533e2e5df4e",
            "pool": "external",
            "port_id": "",
            "region": "",
            "subnet_id": null,
            "tags": null,
            "tenant_id": "2d96e349dec249b8b59eb7866a8ec17f",
            "timeouts": null,
            "value_specs": null
          },
          "private": "eyJlMmJmYjczMC1lY2FhLTExZTYtOGY4OC0zNDM2M2JjN2M0YzAiOnsiY3JlYXRlIjo2MDAwMDAwMDAwMDAsImRlbGV0ZSI6NjAwMDAwMDAwMDAwfX0="
        }
      ]
    },
    {
      "mode": "managed",
      "type": "openstack_networking_network_v2",
      "name": "generic",
      "provider": "provider.openstack",
      "instances": [
        {
          "schema_version": 0,
          "attributes": {
            "admin_state_up": true,
            "all_tags": [],
            "availability_zone_hints": [],
            "description": "",
            "dns_domain": "",
            "external": false,
            "id": "b2ab3f9b-73a3-451b-9786-54b7ad066d0c",
            "mtu": 1450,
            "name": "network-generic",
            "port_security_enabled": true,
            "qos_policy_id": "",
            "region": "",
            "segments": [],
            "shared": false,
            "tags": null,
            "tenant_id": "2d96e349dec249b8b59eb7866a8ec17f",
            "timeouts": null,
            "transparent_vlan": false,
            "value_specs": null
          },
          "private": "eyJlMmJmYjczMC1lY2FhLTExZTYtOGY4OC0zNDM2M2JjN2M0YzAiOnsiY3JlYXRlIjo2MDAwMDAwMDAwMDAsImRlbGV0ZSI6NjAwMDAwMDAwMDAwfX0="
        }
      ]
    },
    {
      "mode": "managed",
      "type": "openstack_networking_port_v2",
      "name": "http",
      "provider": "provider.openstack",
      "instances": [
        {
          "schema_version": 0,
          "attributes": {
            "admin_state_up": true,
            "all_fixed_ips": [
              "192.168.1.81"
            ],
            "all_security_group_ids": [
              "831e524e-ea75-4670-8834-633fcc560a66",
              "983d6932-3cb0-4ca2-9db5-6c5a7683f3e1"
            ],
            "all_tags": [],
            "allowed_address_pairs": [],
            "binding": [
              {
                "host_id": "",
                "profile": "{}",
                "vif_details": {},
                "vif_type": "unbound",
                "vnic_type": "normal"
              }
            ],
            "description": "",
            "device_id": "",
            "device_owner": "",
            "dns_assignment": [],
            "dns_name": "",
            "extra_dhcp_option": [],
            "fixed_ip": [
              {
                "ip_address": "",
                "subnet_id": "4dcba06d-8e9c-49cd-bb7c-0b5f7604ae37"
              }
            ],
            "id": "90cced63-a042-4373-9211-91300ef3c211",
            "mac_address": "fa:16:3e:64:d2:88",
            "name": "port-instance-http",
            "network_id": "b2ab3f9b-73a3-451b-9786-54b7ad066d0c",
            "no_fixed_ip": null,
            "no_security_groups": null,
            "port_security_enabled": true,
            "qos_policy_id": "",
            "region": "",
            "security_group_ids": [
              "831e524e-ea75-4670-8834-633fcc560a66",
              "983d6932-3cb0-4ca2-9db5-6c5a7683f3e1"
            ],
            "tags": null,
            "tenant_id": "2d96e349dec249b8b59eb7866a8ec17f",
            "timeouts": null,
            "value_specs": null
          },
          "private": "eyJlMmJmYjczMC1lY2FhLTExZTYtOGY4OC0zNDM2M2JjN2M0YzAiOnsiY3JlYXRlIjo2MDAwMDAwMDAwMDAsImRlbGV0ZSI6NjAwMDAwMDAwMDAwfX0=",
          "dependencies": [
            "openstack_compute_secgroup_v2.http",
            "openstack_compute_secgroup_v2.ssh",
            "openstack_networking_network_v2.generic",
            "openstack_networking_subnet_v2.http"
          ]
        }
      ]
    },
    {
      "mode": "managed",
      "type": "openstack_networking_router_interface_v2",
      "name": "http",
      "provider": "provider.openstack",
      "instances": [
        {
          "schema_version": 0,
          "attributes": {
            "id": "69f2dc49-98f2-49e8-b1c9-30911623515b",
            "port_id": "69f2dc49-98f2-49e8-b1c9-30911623515b",
            "region": "",
            "router_id": "28d1735f-6ec8-4ff4-be49-dc1532ab48c1",
            "subnet_id": "4dcba06d-8e9c-49cd-bb7c-0b5f7604ae37",
            "timeouts": null
          },
          "private": "eyJlMmJmYjczMC1lY2FhLTExZTYtOGY4OC0zNDM2M2JjN2M0YzAiOnsiY3JlYXRlIjo2MDAwMDAwMDAwMDAsImRlbGV0ZSI6NjAwMDAwMDAwMDAwfX0=",
          "dependencies": [
            "openstack_networking_network_v2.generic",
            "openstack_networking_router_v2.generic",
            "openstack_networking_subnet_v2.http"
          ]
        }
      ]
    },
    {
      "mode": "managed",
      "type": "openstack_networking_router_v2",
      "name": "generic",
      "provider": "provider.openstack",
      "instances": [
        {
          "schema_version": 0,
          "attributes": {
            "admin_state_up": true,
            "all_tags": [],
            "availability_zone_hints": [],
            "description": "",
            "distributed": false,
            "enable_snat": true,
            "external_fixed_ip": [
              {
                "ip_address": "10.20.20.216",
                "subnet_id": "471fd9b1-9b06-44ce-afcc-9b513308c3b1"
              }
            ],
            "external_gateway": "05a9e17f-e625-4932-aaf2-c8c05f0d8bfe",
            "external_network_id": "05a9e17f-e625-4932-aaf2-c8c05f0d8bfe",
            "id": "28d1735f-6ec8-4ff4-be49-dc1532ab48c1",
            "name": "router-generic",
            "region": "",
            "tags": null,
            "tenant_id": "2d96e349dec249b8b59eb7866a8ec17f",
            "timeouts": null,
            "value_specs": null,
            "vendor_options": []
          },
          "private": "eyJlMmJmYjczMC1lY2FhLTExZTYtOGY4OC0zNDM2M2JjN2M0YzAiOnsiY3JlYXRlIjo2MDAwMDAwMDAwMDAsImRlbGV0ZSI6NjAwMDAwMDAwMDAwfX0="
        }
      ]
    },
    {
      "mode": "managed",
      "type": "openstack_networking_subnet_v2",
      "name": "http",
      "provider": "provider.openstack",
      "instances": [
        {
          "schema_version": 0,
          "attributes": {
            "all_tags": [],
            "allocation_pool": [
              {
                "end": "192.168.1.254",
                "start": "192.168.1.2"
              }
            ],
            "allocation_pools": [
              {
                "end": "192.168.1.254",
                "start": "192.168.1.2"
              }
            ],
            "cidr": "192.168.1.0/24",
            "description": "",
            "dns_nameservers": [
              "8.8.8.8",
              "8.8.8.4"
            ],
            "enable_dhcp": true,
            "gateway_ip": "192.168.1.1",
            "host_routes": [],
            "id": "4dcba06d-8e9c-49cd-bb7c-0b5f7604ae37",
            "ip_version": 4,
            "ipv6_address_mode": "",
            "ipv6_ra_mode": "",
            "name": "subnet-http",
            "network_id": "b2ab3f9b-73a3-451b-9786-54b7ad066d0c",
            "no_gateway": false,
            "prefix_length": null,
            "region": "",
            "subnetpool_id": "",
            "tags": null,
            "tenant_id": "2d96e349dec249b8b59eb7866a8ec17f",
            "timeouts": null,
            "value_specs": null
          },
          "private": "eyJlMmJmYjczMC1lY2FhLTExZTYtOGY4OC0zNDM2M2JjN2M0YzAiOnsiY3JlYXRlIjo2MDAwMDAwMDAwMDAsImRlbGV0ZSI6NjAwMDAwMDAwMDAwfX0=",
          "dependencies": [
            "openstack_networking_network_v2.generic"
          ]
        }
      ]
    }
  ]
}
