{
    "version": 3,
    "terraform_version": "0.11.12",
    "serial": 2,
    "lineage": "371659db-a1f7-7bb3-666e-53b40712a2fd",
    "modules": [
        {
            "path": [
                "root"
            ],
            "outputs": {},
            "resources": {
                "aws_instance.frontend": {
                    "type": "aws_instance",
                    "depends_on": [
                        "data.aws_ami.example"
                    ],
                    "primary": {
                        "id": "i-0484463f34ab3c85f",
                        "attributes": {
                            "ami": "ami-094a76dd3f8888270",
                            "arn": "arn:aws:ec2:us-east-1:784119736424:instance/i-0484463f34ab3c85f",
                            "associate_public_ip_address": "true",
                            "availability_zone": "us-east-1a",
                            "cpu_core_count": "1",
                            "cpu_threads_per_core": "1",
                            "credit_specification.#": "1",
                            "credit_specification.0.cpu_credits": "standard",
                            "disable_api_termination": "false",
                            "ebs_block_device.#": "0",
                            "ebs_optimized": "false",
                            "ephemeral_block_device.#": "0",
                            "get_password_data": "false",
                            "hibernation": "false",
                            "iam_instance_profile": "",
                            "id": "i-0484463f34ab3c85f",
                            "instance_state": "running",
                            "instance_type": "t2.micro",
                            "ipv6_address_count": "0",
                            "ipv6_addresses.#": "0",
                            "key_name": "terrafrom_key_pair",
                            "metadata_options.#": "1",
                            "metadata_options.0.http_endpoint": "enabled",
                            "metadata_options.0.http_put_response_hop_limit": "1",
                            "metadata_options.0.http_tokens": "optional",
                            "monitoring": "false",
                            "network_interface.#": "0",
                            "outpost_arn": "",
                            "password_data": "",
                            "placement_group": "",
                            "primary_network_interface_id": "eni-0998b59fcfb5fc9ef",
                            "private_dns": "ip-172-31-42-221.ec2.internal",
                            "private_ip": "172.31.42.221",
                            "public_dns": "ec2-3-80-246-85.compute-1.amazonaws.com",
                            "public_ip": "3.80.246.85",
                            "root_block_device.#": "1",
                            "root_block_device.0.delete_on_termination": "true",
                            "root_block_device.0.device_name": "/dev/sda1",
                            "root_block_device.0.encrypted": "false",
                            "root_block_device.0.iops": "100",
                            "root_block_device.0.kms_key_id": "",
                            "root_block_device.0.volume_id": "vol-018f3697fe3dd3d2f",
                            "root_block_device.0.volume_size": "8",
                            "root_block_device.0.volume_type": "gp2",
                            "security_groups.#": "1",
                            "security_groups.2167731545": "terrafrom_sg",
                            "source_dest_check": "true",
                            "subnet_id": "subnet-daae7d85",
                            "tags.%": "0",
                            "tenancy": "default",
                            "volume_tags.%": "0",
                            "vpc_security_group_ids.#": "1",
                            "vpc_security_group_ids.419238632": "sg-06e602e1708f12f4b"
                        },
                        "meta": {
                            "e2bfb730-ecaa-11e6-8f88-34363bc7c4c0": {
                                "create": 600000000000,
                                "delete": 1200000000000,
                                "update": 600000000000
                            },
                            "schema_version": "1"
                        },
                        "tainted": false
                    },
                    "deposed": [],
                    "provider": "provider.aws"
                },
                "data.aws_ami.example": {
                    "type": "aws_ami",
                    "depends_on": [],
                    "primary": {
                        "id": "ami-094a76dd3f8888270",
                        "attributes": {
                            "architecture": "x86_64",
                            "arn": "arn:aws:ec2:us-east-1::image/ami-094a76dd3f8888270",
                            "block_device_mappings.#": "3",
                            "block_device_mappings.1634610537.device_name": "/dev/sdb",
                            "block_device_mappings.1634610537.ebs.%": "0",
                            "block_device_mappings.1634610537.no_device": "",
                            "block_device_mappings.1634610537.virtual_name": "ephemeral0",
                            "block_device_mappings.2547816212.device_name": "/dev/sda1",
                            "block_device_mappings.2547816212.ebs.%": "6",
                            "block_device_mappings.2547816212.ebs.delete_on_termination": "true",
                            "block_device_mappings.2547816212.ebs.encrypted": "false",
                            "block_device_mappings.2547816212.ebs.iops": "0",
                            "block_device_mappings.2547816212.ebs.snapshot_id": "snap-0f5ce851ae7422c80",
                            "block_device_mappings.2547816212.ebs.volume_size": "8",
                            "block_device_mappings.2547816212.ebs.volume_type": "gp2",
                            "block_device_mappings.2547816212.no_device": "",
                            "block_device_mappings.2547816212.virtual_name": "",
                            "block_device_mappings.3850042718.device_name": "/dev/sdc",
                            "block_device_mappings.3850042718.ebs.%": "0",
                            "block_device_mappings.3850042718.no_device": "",
                            "block_device_mappings.3850042718.virtual_name": "ephemeral1",
                            "creation_date": "2020-07-04T09:57:36.000Z",
                            "filter.#": "3",
                            "filter.1281954306.name": "root-device-type",
                            "filter.1281954306.values.#": "1",
                            "filter.1281954306.values.0": "ebs",
                            "filter.2140246077.name": "name",
                            "filter.2140246077.values.#": "1",
                            "filter.2140246077.values.0": "AV-Httpd-ami-packer-*",
                            "filter.490168357.name": "virtualization-type",
                            "filter.490168357.values.#": "1",
                            "filter.490168357.values.0": "hvm",
                            "hypervisor": "xen",
                            "id": "ami-094a76dd3f8888270",
                            "image_id": "ami-094a76dd3f8888270",
                            "image_location": "784119736424/AV-Httpd-ami-packer-1593856409",
                            "image_type": "machine",
                            "most_recent": "true",
                            "name": "AV-Httpd-ami-packer-1593856409",
                            "owner_id": "784119736424",
                            "owners.#": "1",
                            "owners.0": "784119736424",
                            "product_codes.#": "0",
                            "public": "false",
                            "root_device_name": "/dev/sda1",
                            "root_device_type": "ebs",
                            "root_snapshot_id": "snap-0f5ce851ae7422c80",
                            "sriov_net_support": "simple",
                            "state": "available",
                            "state_reason.%": "2",
                            "state_reason.code": "UNSET",
                            "state_reason.message": "UNSET",
                            "tags.%": "0",
                            "virtualization_type": "hvm"
                        },
                        "meta": {},
                        "tainted": false
                    },
                    "deposed": [],
                    "provider": "provider.aws"
                }
            },
            "depends_on": []
        }
    ]
}
